
Microsoft Visual Studio Solution File, Format Version 12.00
# Visual Studio Version 17
VisualStudioVersion = 17.0.31903.59
MinimumVisualStudioVersion = 10.0.40219.1
Project("{FAE04EC0-301F-11D3-BF4B-00C04F79EFBC}") = "DataStructures", "DataStructures\DataStructures.csproj", "{6B0AE576-5366-47C9-A435-E7944101BBB3}"
EndProject
Project("{FAE04EC0-301F-11D3-BF4B-00C04F79EFBC}") = "DesignPatterns", "DesignPatterns\DesignPatterns.csproj", "{724B9500-7885-4CEB-9DB2-A3F120844740}"
EndProject
Project("{FAE04EC0-301F-11D3-BF4B-00C04F79EFBC}") = "Algorithems", "Algorithems\Algorithems.csproj", "{5B2446CD-2B51-49E8-9F4D-0608685BF8AC}"
EndProject
Project("{FAE04EC0-301F-11D3-BF4B-00C04F79EFBC}") = "CSharpExamples", "CSharpExamples\CSharpExamples.csproj", "{8151290B-3F82-4BED-B268-5C453A508C0F}"
EndProject
Project("{FAE04EC0-301F-11D3-BF4B-00C04F79EFBC}") = "APIExamples", "APIExamples\APIExamples.csproj", "{B1AD2F3B-2363-4961-B053-46F752E7C212}"
EndProject
Project("{FAE04EC0-301F-11D3-BF4B-00C04F79EFBC}") = "PerfPlayground", "PerfPlayground\PerfPlayground.csproj", "{E0F62913-2264-4933-9ADF-FB056D098818}"
EndProject
Global
	GlobalSection(SolutionConfigurationPlatforms) = preSolution
		Debug|Any CPU = Debug|Any CPU
		Release|Any CPU = Release|Any CPU
	EndGlobalSection
	GlobalSection(SolutionProperties) = preSolution
		HideSolutionNode = FALSE
	EndGlobalSection
	GlobalSection(ProjectConfigurationPlatforms) = postSolution
		{6B0AE576-5366-47C9-A435-E7944101BBB3}.Debug|Any CPU.ActiveCfg = Debug|Any CPU
		{6B0AE576-5366-47C9-A435-E7944101BBB3}.Debug|Any CPU.Build.0 = Debug|Any CPU
		{6B0AE576-5366-47C9-A435-E7944101BBB3}.Release|Any CPU.ActiveCfg = Release|Any CPU
		{6B0AE576-5366-47C9-A435-E7944101BBB3}.Release|Any CPU.Build.0 = Release|Any CPU
		{724B9500-7885-4CEB-9DB2-A3F120844740}.Debug|Any CPU.ActiveCfg = Debug|Any CPU
		{724B9500-7885-4CEB-9DB2-A3F120844740}.Debug|Any CPU.Build.0 = Debug|Any CPU
		{724B9500-7885-4CEB-9DB2-A3F120844740}.Release|Any CPU.ActiveCfg = Release|Any CPU
		{724B9500-7885-4CEB-9DB2-A3F120844740}.Release|Any CPU.Build.0 = Release|Any CPU
		{5B2446CD-2B51-49E8-9F4D-0608685BF8AC}.Debug|Any CPU.ActiveCfg = Debug|Any CPU
		{5B2446CD-2B51-49E8-9F4D-0608685BF8AC}.Debug|Any CPU.Build.0 = Debug|Any CPU
		{5B2446CD-2B51-49E8-9F4D-0608685BF8AC}.Release|Any CPU.ActiveCfg = Release|Any CPU
		{5B2446CD-2B51-49E8-9F4D-0608685BF8AC}.Release|Any CPU.Build.0 = Release|Any CPU
		{8151290B-3F82-4BED-B268-5C453A508C0F}.Debug|Any CPU.ActiveCfg = Debug|Any CPU
		{8151290B-3F82-4BED-B268-5C453A508C0F}.Debug|Any CPU.Build.0 = Debug|Any CPU
		{8151290B-3F82-4BED-B268-5C453A508C0F}.Release|Any CPU.ActiveCfg = Release|Any CPU
		{8151290B-3F82-4BED-B268-5C453A508C0F}.Release|Any CPU.Build.0 = Release|Any CPU
		{B1AD2F3B-2363-4961-B053-46F752E7C212}.Debug|Any CPU.ActiveCfg = Debug|Any CPU
		{B1AD2F3B-2363-4961-B053-46F752E7C212}.Debug|Any CPU.Build.0 = Debug|Any CPU
		{B1AD2F3B-2363-4961-B053-46F752E7C212}.Release|Any CPU.ActiveCfg = Release|Any CPU
		{B1AD2F3B-2363-4961-B053-46F752E7C212}.Release|Any CPU.Build.0 = Release|Any CPU
		{E0F62913-2264-4933-9ADF-FB056D098818}.Debug|Any CPU.ActiveCfg = Debug|Any CPU
		{E0F62913-2264-4933-9ADF-FB056D098818}.Debug|Any CPU.Build.0 = Debug|Any CPU
		{E0F62913-2264-4933-9ADF-FB056D098818}.Release|Any CPU.ActiveCfg = Release|Any CPU
		{E0F62913-2264-4933-9ADF-FB056D098818}.Release|Any CPU.Build.0 = Release|Any CPU
	EndGlobalSection
EndGlobal
